{
  "name": "markitdown-mcp-enhanced",
  "version": "1.0.0",
  "lockfileVersion": 3,
  "requires": true,
  "packages": {
    "": {
      "name": "markitdown-mcp-enhanced",
      "version": "1.0.0",
      "hasInstallScript": true,
      "license": "MIT",
      "bin": {
        "markitdown-mcp-enhanced": "bin/markitdown-mcp-enhanced.js"
      },
      "engines": {
        "node": ">=14.0.0"
      }
    }
  }
}
